// !$*UTF8*$!
{
	archiveVersion = 1;
	classes = {
	};
	objectVersion = 56;
	objects = {

/* Begin PBXBuildFile section */
		F239D80F29ED5FBB00373A75 /* LocalJSONRepository.swift in Sources */ = {isa = PBXBuildFile; fileRef = F239D80E29ED5FBB00373A75 /* LocalJSONRepository.swift */; };
		F239D81429EDB04E00373A75 /* StorageRepository.swift in Sources */ = {isa = PBXBuildFile; fileRef = F239D81329EDB04E00373A75 /* StorageRepository.swift */; };
		F239D81929EDDD0300373A75 /* LocalJSONRepo+integration.swift in Sources */ = {isa = PBXBuildFile; fileRef = F239D81829EDDD0300373A75 /* LocalJSONRepo+integration.swift */; };
		F239D81B29EDFD7E00373A75 /* MainCategoriesEndPoint.swift in Sources */ = {isa = PBXBuildFile; fileRef = F239D81A29EDFD7E00373A75 /* MainCategoriesEndPoint.swift */; };
		F239D81D29EED5C000373A75 /* NetworkDataProvider.swift in Sources */ = {isa = PBXBuildFile; fileRef = F239D81C29EED5C000373A75 /* NetworkDataProvider.swift */; };
		F239D81F29EED6C700373A75 /* StorageDataProvider.swift in Sources */ = {isa = PBXBuildFile; fileRef = F239D81E29EED6C700373A75 /* StorageDataProvider.swift */; };
		F239D82329EEDA2200373A75 /* RepositoryCommonTypes.swift in Sources */ = {isa = PBXBuildFile; fileRef = F239D82229EEDA2200373A75 /* RepositoryCommonTypes.swift */; };
		F239D82929EF348300373A75 /* MainCategories.swift in Sources */ = {isa = PBXBuildFile; fileRef = F239D82829EF348300373A75 /* MainCategories.swift */; };
		F239D82D29EF562500373A75 /* APIModelsCommon.swift in Sources */ = {isa = PBXBuildFile; fileRef = F239D82C29EF562500373A75 /* APIModelsCommon.swift */; };
		F239D83029EF6D0200373A75 /* KeychaineRepository.swift in Sources */ = {isa = PBXBuildFile; fileRef = F239D82F29EF6D0200373A75 /* KeychaineRepository.swift */; };
		F239D83229EF6D4300373A75 /* CoreDataRepository.swift in Sources */ = {isa = PBXBuildFile; fileRef = F239D83129EF6D4300373A75 /* CoreDataRepository.swift */; };
		F239D83429EF6D6800373A75 /* InMemoryRepository.swift in Sources */ = {isa = PBXBuildFile; fileRef = F239D83329EF6D6800373A75 /* InMemoryRepository.swift */; };
		F274996F29EB1DF8005B241B /* RadioApp.swift in Sources */ = {isa = PBXBuildFile; fileRef = F274996E29EB1DF8005B241B /* RadioApp.swift */; };
		F274997329EB1DF9005B241B /* Assets.xcassets in Resources */ = {isa = PBXBuildFile; fileRef = F274997229EB1DF9005B241B /* Assets.xcassets */; };
		F274997729EB1DF9005B241B /* Preview Assets.xcassets in Resources */ = {isa = PBXBuildFile; fileRef = F274997629EB1DF9005B241B /* Preview Assets.xcassets */; };
		F274998129EB1DF9005B241B /* RadioTests.swift in Sources */ = {isa = PBXBuildFile; fileRef = F274998029EB1DF9005B241B /* RadioTests.swift */; };
		F274998B29EB1DF9005B241B /* RadioUITests.swift in Sources */ = {isa = PBXBuildFile; fileRef = F274998A29EB1DF9005B241B /* RadioUITests.swift */; };
		F274998D29EB1DF9005B241B /* RadioUITestsLaunchTests.swift in Sources */ = {isa = PBXBuildFile; fileRef = F274998C29EB1DF9005B241B /* RadioUITestsLaunchTests.swift */; };
		F274FA0329EBB1AF0068CA74 /* AppState.swift in Sources */ = {isa = PBXBuildFile; fileRef = F274FA0229EBB1AF0068CA74 /* AppState.swift */; };
		F274FA0629EBB1EB0068CA74 /* DIContainer.swift in Sources */ = {isa = PBXBuildFile; fileRef = F274FA0529EBB1EB0068CA74 /* DIContainer.swift */; };
		F274FA0829EBB21B0068CA74 /* SplashView.swift in Sources */ = {isa = PBXBuildFile; fileRef = F274FA0729EBB21B0068CA74 /* SplashView.swift */; };
		F274FA0B29EBB2D90068CA74 /* HomeView.swift in Sources */ = {isa = PBXBuildFile; fileRef = F274FA0A29EBB2D90068CA74 /* HomeView.swift */; };
		F274FA0D29EBB2E20068CA74 /* HomeViewModel.swift in Sources */ = {isa = PBXBuildFile; fileRef = F274FA0C29EBB2E20068CA74 /* HomeViewModel.swift */; };
		F274FA1029EBB37E0068CA74 /* LocalRadioView.swift in Sources */ = {isa = PBXBuildFile; fileRef = F274FA0F29EBB37E0068CA74 /* LocalRadioView.swift */; };
		F274FA1229EBB3850068CA74 /* LocalRadioViewModel.swift in Sources */ = {isa = PBXBuildFile; fileRef = F274FA1129EBB3850068CA74 /* LocalRadioViewModel.swift */; };
		F274FA1529EBB3D90068CA74 /* SplashViewModel.swift in Sources */ = {isa = PBXBuildFile; fileRef = F274FA1429EBB3D90068CA74 /* SplashViewModel.swift */; };
		F274FA1829EBB4110068CA74 /* MusicView.swift in Sources */ = {isa = PBXBuildFile; fileRef = F274FA1729EBB4110068CA74 /* MusicView.swift */; };
		F274FA1A29EBB4180068CA74 /* MusicViewModel.swift in Sources */ = {isa = PBXBuildFile; fileRef = F274FA1929EBB4180068CA74 /* MusicViewModel.swift */; };
		F274FA2129EBB4790068CA74 /* SportsView.swift in Sources */ = {isa = PBXBuildFile; fileRef = F274FA2029EBB4790068CA74 /* SportsView.swift */; };
		F274FA2329EBB47F0068CA74 /* SportsViewModel.swift in Sources */ = {isa = PBXBuildFile; fileRef = F274FA2229EBB47F0068CA74 /* SportsViewModel.swift */; };
		F274FA2529EBB48F0068CA74 /* ByLocationView.swift in Sources */ = {isa = PBXBuildFile; fileRef = F274FA2429EBB48F0068CA74 /* ByLocationView.swift */; };
		F274FA2729EBB4970068CA74 /* ByLocationViewModel.swift in Sources */ = {isa = PBXBuildFile; fileRef = F274FA2629EBB4970068CA74 /* ByLocationViewModel.swift */; };
		F274FA2929EBB4A70068CA74 /* ByLanguageView.swift in Sources */ = {isa = PBXBuildFile; fileRef = F274FA2829EBB4A70068CA74 /* ByLanguageView.swift */; };
		F274FA2B29EBB4B00068CA74 /* ByLanguageViewModel.swift in Sources */ = {isa = PBXBuildFile; fileRef = F274FA2A29EBB4B00068CA74 /* ByLanguageViewModel.swift */; };
		F274FA2D29EBB4BC0068CA74 /* PodcastsView.swift in Sources */ = {isa = PBXBuildFile; fileRef = F274FA2C29EBB4BC0068CA74 /* PodcastsView.swift */; };
		F274FA2F29EBB4C30068CA74 /* PodcastsViewModel.swift in Sources */ = {isa = PBXBuildFile; fileRef = F274FA2E29EBB4C30068CA74 /* PodcastsViewModel.swift */; };
		F274FA3729EBB54E0068CA74 /* TalkView.swift in Sources */ = {isa = PBXBuildFile; fileRef = F274FA3529EBB54E0068CA74 /* TalkView.swift */; };
		F274FA3829EBB54E0068CA74 /* TalkViewModel.swift in Sources */ = {isa = PBXBuildFile; fileRef = F274FA3629EBB54E0068CA74 /* TalkViewModel.swift */; };
		F274FA3E29EBB9200068CA74 /* Resources.swift in Sources */ = {isa = PBXBuildFile; fileRef = F274FA3D29EBB9200068CA74 /* Resources.swift */; };
		F274FA4729EBC39B0068CA74 /* DataProvidingSupport.swift in Sources */ = {isa = PBXBuildFile; fileRef = F274FA4629EBC39B0068CA74 /* DataProvidingSupport.swift */; };
		F274FA4929EBC9C00068CA74 /* MainCategoriesDP.swift in Sources */ = {isa = PBXBuildFile; fileRef = F274FA4829EBC9C00068CA74 /* MainCategoriesDP.swift */; };
		F274FA4B29EBC9D60068CA74 /* LocalRadioDataProvider.swift in Sources */ = {isa = PBXBuildFile; fileRef = F274FA4A29EBC9D60068CA74 /* LocalRadioDataProvider.swift */; };
		F274FA4D29EBC9EA0068CA74 /* MusicDataProvider.swift in Sources */ = {isa = PBXBuildFile; fileRef = F274FA4C29EBC9EA0068CA74 /* MusicDataProvider.swift */; };
		F274FA4F29EBC9FA0068CA74 /* TalkDataProvider.swift in Sources */ = {isa = PBXBuildFile; fileRef = F274FA4E29EBC9FA0068CA74 /* TalkDataProvider.swift */; };
		F274FA5329EBD0560068CA74 /* RequestBuilding.swift in Sources */ = {isa = PBXBuildFile; fileRef = F274FA5229EBD0560068CA74 /* RequestBuilding.swift */; };
		F274FA5629EBD1A90068CA74 /* HTTPTypes.swift in Sources */ = {isa = PBXBuildFile; fileRef = F274FA5529EBD1A90068CA74 /* HTTPTypes.swift */; };
		F274FA5929EBD98F0068CA74 /* RESTEndpoint+integration.swift in Sources */ = {isa = PBXBuildFile; fileRef = F274FA5829EBD98F0068CA74 /* RESTEndpoint+integration.swift */; };
		F274FA5D29EBDEA40068CA74 /* RESTEndpoint.swift in Sources */ = {isa = PBXBuildFile; fileRef = F274FA5C29EBDEA40068CA74 /* RESTEndpoint.swift */; };
		F274FA6029EBEAD90068CA74 /* GraphQLWebRepo.swift in Sources */ = {isa = PBXBuildFile; fileRef = F274FA5F29EBEAD90068CA74 /* GraphQLWebRepo.swift */; };
		F274FA6329EC06070068CA74 /* WebRepository.swift in Sources */ = {isa = PBXBuildFile; fileRef = F274FA6229EC06070068CA74 /* WebRepository.swift */; };
		F274FA6529EC06870068CA74 /* RESTWebRepository.swift in Sources */ = {isa = PBXBuildFile; fileRef = F274FA6429EC06870068CA74 /* RESTWebRepository.swift */; };
/* End PBXBuildFile section */

/* Begin PBXContainerItemProxy section */
		F274997D29EB1DF9005B241B /* PBXContainerItemProxy */ = {
			isa = PBXContainerItemProxy;
			containerPortal = F274996329EB1DF8005B241B /* Project object */;
			proxyType = 1;
			remoteGlobalIDString = F274996A29EB1DF8005B241B;
			remoteInfo = Radio;
		};
		F274998729EB1DF9005B241B /* PBXContainerItemProxy */ = {
			isa = PBXContainerItemProxy;
			containerPortal = F274996329EB1DF8005B241B /* Project object */;
			proxyType = 1;
			remoteGlobalIDString = F274996A29EB1DF8005B241B;
			remoteInfo = Radio;
		};
/* End PBXContainerItemProxy section */

/* Begin PBXFileReference section */
		F239D80E29ED5FBB00373A75 /* LocalJSONRepository.swift */ = {isa = PBXFileReference; lastKnownFileType = sourcecode.swift; path = LocalJSONRepository.swift; sourceTree = "<group>"; };
		F239D81329EDB04E00373A75 /* StorageRepository.swift */ = {isa = PBXFileReference; lastKnownFileType = sourcecode.swift; path = StorageRepository.swift; sourceTree = "<group>"; };
		F239D81829EDDD0300373A75 /* LocalJSONRepo+integration.swift */ = {isa = PBXFileReference; lastKnownFileType = sourcecode.swift; path = "LocalJSONRepo+integration.swift"; sourceTree = "<group>"; };
		F239D81A29EDFD7E00373A75 /* MainCategoriesEndPoint.swift */ = {isa = PBXFileReference; lastKnownFileType = sourcecode.swift; path = MainCategoriesEndPoint.swift; sourceTree = "<group>"; };
		F239D81C29EED5C000373A75 /* NetworkDataProvider.swift */ = {isa = PBXFileReference; lastKnownFileType = sourcecode.swift; path = NetworkDataProvider.swift; sourceTree = "<group>"; };
		F239D81E29EED6C700373A75 /* StorageDataProvider.swift */ = {isa = PBXFileReference; lastKnownFileType = sourcecode.swift; path = StorageDataProvider.swift; sourceTree = "<group>"; };
		F239D82229EEDA2200373A75 /* RepositoryCommonTypes.swift */ = {isa = PBXFileReference; lastKnownFileType = sourcecode.swift; path = RepositoryCommonTypes.swift; sourceTree = "<group>"; };
		F239D82829EF348300373A75 /* MainCategories.swift */ = {isa = PBXFileReference; lastKnownFileType = sourcecode.swift; path = MainCategories.swift; sourceTree = "<group>"; };
		F239D82C29EF562500373A75 /* APIModelsCommon.swift */ = {isa = PBXFileReference; lastKnownFileType = sourcecode.swift; path = APIModelsCommon.swift; sourceTree = "<group>"; };
		F239D82F29EF6D0200373A75 /* KeychaineRepository.swift */ = {isa = PBXFileReference; lastKnownFileType = sourcecode.swift; path = KeychaineRepository.swift; sourceTree = "<group>"; };
		F239D83129EF6D4300373A75 /* CoreDataRepository.swift */ = {isa = PBXFileReference; lastKnownFileType = sourcecode.swift; path = CoreDataRepository.swift; sourceTree = "<group>"; };
		F239D83329EF6D6800373A75 /* InMemoryRepository.swift */ = {isa = PBXFileReference; lastKnownFileType = sourcecode.swift; path = InMemoryRepository.swift; sourceTree = "<group>"; };
		F274996B29EB1DF8005B241B /* Radio.app */ = {isa = PBXFileReference; explicitFileType = wrapper.application; includeInIndex = 0; path = Radio.app; sourceTree = BUILT_PRODUCTS_DIR; };
		F274996E29EB1DF8005B241B /* RadioApp.swift */ = {isa = PBXFileReference; lastKnownFileType = sourcecode.swift; path = RadioApp.swift; sourceTree = "<group>"; };
		F274997229EB1DF9005B241B /* Assets.xcassets */ = {isa = PBXFileReference; lastKnownFileType = folder.assetcatalog; path = Assets.xcassets; sourceTree = "<group>"; };
		F274997629EB1DF9005B241B /* Preview Assets.xcassets */ = {isa = PBXFileReference; lastKnownFileType = folder.assetcatalog; path = "Preview Assets.xcassets"; sourceTree = "<group>"; };
		F274997C29EB1DF9005B241B /* RadioTests.xctest */ = {isa = PBXFileReference; explicitFileType = wrapper.cfbundle; includeInIndex = 0; path = RadioTests.xctest; sourceTree = BUILT_PRODUCTS_DIR; };
		F274998029EB1DF9005B241B /* RadioTests.swift */ = {isa = PBXFileReference; lastKnownFileType = sourcecode.swift; path = RadioTests.swift; sourceTree = "<group>"; };
		F274998629EB1DF9005B241B /* RadioUITests.xctest */ = {isa = PBXFileReference; explicitFileType = wrapper.cfbundle; includeInIndex = 0; path = RadioUITests.xctest; sourceTree = BUILT_PRODUCTS_DIR; };
		F274998A29EB1DF9005B241B /* RadioUITests.swift */ = {isa = PBXFileReference; lastKnownFileType = sourcecode.swift; path = RadioUITests.swift; sourceTree = "<group>"; };
		F274998C29EB1DF9005B241B /* RadioUITestsLaunchTests.swift */ = {isa = PBXFileReference; lastKnownFileType = sourcecode.swift; path = RadioUITestsLaunchTests.swift; sourceTree = "<group>"; };
		F274FA0229EBB1AF0068CA74 /* AppState.swift */ = {isa = PBXFileReference; lastKnownFileType = sourcecode.swift; path = AppState.swift; sourceTree = "<group>"; };
		F274FA0529EBB1EB0068CA74 /* DIContainer.swift */ = {isa = PBXFileReference; lastKnownFileType = sourcecode.swift; path = DIContainer.swift; sourceTree = "<group>"; };
		F274FA0729EBB21B0068CA74 /* SplashView.swift */ = {isa = PBXFileReference; lastKnownFileType = sourcecode.swift; path = SplashView.swift; sourceTree = "<group>"; };
		F274FA0A29EBB2D90068CA74 /* HomeView.swift */ = {isa = PBXFileReference; lastKnownFileType = sourcecode.swift; path = HomeView.swift; sourceTree = "<group>"; };
		F274FA0C29EBB2E20068CA74 /* HomeViewModel.swift */ = {isa = PBXFileReference; lastKnownFileType = sourcecode.swift; path = HomeViewModel.swift; sourceTree = "<group>"; };
		F274FA0F29EBB37E0068CA74 /* LocalRadioView.swift */ = {isa = PBXFileReference; lastKnownFileType = sourcecode.swift; path = LocalRadioView.swift; sourceTree = "<group>"; };
		F274FA1129EBB3850068CA74 /* LocalRadioViewModel.swift */ = {isa = PBXFileReference; lastKnownFileType = sourcecode.swift; path = LocalRadioViewModel.swift; sourceTree = "<group>"; };
		F274FA1429EBB3D90068CA74 /* SplashViewModel.swift */ = {isa = PBXFileReference; lastKnownFileType = sourcecode.swift; path = SplashViewModel.swift; sourceTree = "<group>"; };
		F274FA1729EBB4110068CA74 /* MusicView.swift */ = {isa = PBXFileReference; lastKnownFileType = sourcecode.swift; path = MusicView.swift; sourceTree = "<group>"; };
		F274FA1929EBB4180068CA74 /* MusicViewModel.swift */ = {isa = PBXFileReference; lastKnownFileType = sourcecode.swift; path = MusicViewModel.swift; sourceTree = "<group>"; };
		F274FA2029EBB4790068CA74 /* SportsView.swift */ = {isa = PBXFileReference; lastKnownFileType = sourcecode.swift; path = SportsView.swift; sourceTree = "<group>"; };
		F274FA2229EBB47F0068CA74 /* SportsViewModel.swift */ = {isa = PBXFileReference; lastKnownFileType = sourcecode.swift; path = SportsViewModel.swift; sourceTree = "<group>"; };
		F274FA2429EBB48F0068CA74 /* ByLocationView.swift */ = {isa = PBXFileReference; lastKnownFileType = sourcecode.swift; path = ByLocationView.swift; sourceTree = "<group>"; };
		F274FA2629EBB4970068CA74 /* ByLocationViewModel.swift */ = {isa = PBXFileReference; lastKnownFileType = sourcecode.swift; path = ByLocationViewModel.swift; sourceTree = "<group>"; };
		F274FA2829EBB4A70068CA74 /* ByLanguageView.swift */ = {isa = PBXFileReference; lastKnownFileType = sourcecode.swift; path = ByLanguageView.swift; sourceTree = "<group>"; };
		F274FA2A29EBB4B00068CA74 /* ByLanguageViewModel.swift */ = {isa = PBXFileReference; lastKnownFileType = sourcecode.swift; path = ByLanguageViewModel.swift; sourceTree = "<group>"; };
		F274FA2C29EBB4BC0068CA74 /* PodcastsView.swift */ = {isa = PBXFileReference; lastKnownFileType = sourcecode.swift; path = PodcastsView.swift; sourceTree = "<group>"; };
		F274FA2E29EBB4C30068CA74 /* PodcastsViewModel.swift */ = {isa = PBXFileReference; lastKnownFileType = sourcecode.swift; path = PodcastsViewModel.swift; sourceTree = "<group>"; };
		F274FA3529EBB54E0068CA74 /* TalkView.swift */ = {isa = PBXFileReference; fileEncoding = 4; lastKnownFileType = sourcecode.swift; path = TalkView.swift; sourceTree = "<group>"; };
		F274FA3629EBB54E0068CA74 /* TalkViewModel.swift */ = {isa = PBXFileReference; fileEncoding = 4; lastKnownFileType = sourcecode.swift; path = TalkViewModel.swift; sourceTree = "<group>"; };
		F274FA3929EBB5A20068CA74 /*   ---------    UI Part    ---------.txt */ = {isa = PBXFileReference; lastKnownFileType = text; name = "  ---------    UI Part    ---------.txt"; path = "Resources/  ---------    UI Part    ---------.txt"; sourceTree = "<group>"; };
		F274FA3D29EBB9200068CA74 /* Resources.swift */ = {isa = PBXFileReference; lastKnownFileType = sourcecode.swift; path = Resources.swift; sourceTree = "<group>"; };
		F274FA4129EBBB1F0068CA74 /*    -------   UI Part End   -------.txt */ = {isa = PBXFileReference; lastKnownFileType = text; name = "   -------   UI Part End   -------.txt"; path = "Resources/   -------   UI Part End   -------.txt"; sourceTree = "<group>"; };
		F274FA4329EBBC070068CA74 /* Info.plist */ = {isa = PBXFileReference; lastKnownFileType = text.plist; name = Info.plist; path = Radio/Info.plist; sourceTree = SOURCE_ROOT; };
		F274FA4529EBBCCD0068CA74 /* Radio.entitlements */ = {isa = PBXFileReference; lastKnownFileType = text.plist.entitlements; name = Radio.entitlements; path = Radio/Radio.entitlements; sourceTree = SOURCE_ROOT; };
		F274FA4629EBC39B0068CA74 /* DataProvidingSupport.swift */ = {isa = PBXFileReference; lastKnownFileType = sourcecode.swift; path = DataProvidingSupport.swift; sourceTree = "<group>"; };
		F274FA4829EBC9C00068CA74 /* MainCategoriesDP.swift */ = {isa = PBXFileReference; lastKnownFileType = sourcecode.swift; path = MainCategoriesDP.swift; sourceTree = "<group>"; };
		F274FA4A29EBC9D60068CA74 /* LocalRadioDataProvider.swift */ = {isa = PBXFileReference; lastKnownFileType = sourcecode.swift; path = LocalRadioDataProvider.swift; sourceTree = "<group>"; };
		F274FA4C29EBC9EA0068CA74 /* MusicDataProvider.swift */ = {isa = PBXFileReference; lastKnownFileType = sourcecode.swift; path = MusicDataProvider.swift; sourceTree = "<group>"; };
		F274FA4E29EBC9FA0068CA74 /* TalkDataProvider.swift */ = {isa = PBXFileReference; lastKnownFileType = sourcecode.swift; path = TalkDataProvider.swift; sourceTree = "<group>"; };
		F274FA5229EBD0560068CA74 /* RequestBuilding.swift */ = {isa = PBXFileReference; lastKnownFileType = sourcecode.swift; path = RequestBuilding.swift; sourceTree = "<group>"; };
		F274FA5529EBD1A90068CA74 /* HTTPTypes.swift */ = {isa = PBXFileReference; lastKnownFileType = sourcecode.swift; path = HTTPTypes.swift; sourceTree = "<group>"; };
		F274FA5729EBD7B70068CA74 /*   -----  App independent  -----.txt */ = {isa = PBXFileReference; lastKnownFileType = text; name = "  -----  App independent  -----.txt"; path = "Resources/  -----  App independent  -----.txt"; sourceTree = "<group>"; };
		F274FA5829EBD98F0068CA74 /* RESTEndpoint+integration.swift */ = {isa = PBXFileReference; lastKnownFileType = sourcecode.swift; path = "RESTEndpoint+integration.swift"; sourceTree = "<group>"; };
		F274FA5C29EBDEA40068CA74 /* RESTEndpoint.swift */ = {isa = PBXFileReference; lastKnownFileType = sourcecode.swift; path = RESTEndpoint.swift; sourceTree = "<group>"; };
		F274FA5F29EBEAD90068CA74 /* GraphQLWebRepo.swift */ = {isa = PBXFileReference; lastKnownFileType = sourcecode.swift; path = GraphQLWebRepo.swift; sourceTree = "<group>"; };
		F274FA6229EC06070068CA74 /* WebRepository.swift */ = {isa = PBXFileReference; lastKnownFileType = sourcecode.swift; path = WebRepository.swift; sourceTree = "<group>"; };
		F274FA6429EC06870068CA74 /* RESTWebRepository.swift */ = {isa = PBXFileReference; fileEncoding = 4; lastKnownFileType = sourcecode.swift; path = RESTWebRepository.swift; sourceTree = "<group>"; };
/* End PBXFileReference section */

/* Begin PBXFrameworksBuildPhase section */
		F274996829EB1DF8005B241B /* Frameworks */ = {
			isa = PBXFrameworksBuildPhase;
			buildActionMask = 2147483647;
			files = (
			);
			runOnlyForDeploymentPostprocessing = 0;
		};
		F274997929EB1DF9005B241B /* Frameworks */ = {
			isa = PBXFrameworksBuildPhase;
			buildActionMask = 2147483647;
			files = (
			);
			runOnlyForDeploymentPostprocessing = 0;
		};
		F274998329EB1DF9005B241B /* Frameworks */ = {
			isa = PBXFrameworksBuildPhase;
			buildActionMask = 2147483647;
			files = (
			);
			runOnlyForDeploymentPostprocessing = 0;
		};
/* End PBXFrameworksBuildPhase section */

/* Begin PBXGroup section */
		F239D81029ED652200373A75 /* Storage Repositories */ = {
			isa = PBXGroup;
			children = (
				F239D80E29ED5FBB00373A75 /* LocalJSONRepository.swift */,
				F239D82F29EF6D0200373A75 /* KeychaineRepository.swift */,
				F239D83129EF6D4300373A75 /* CoreDataRepository.swift */,
				F239D83329EF6D6800373A75 /* InMemoryRepository.swift */,
			);
			path = "Storage Repositories";
			sourceTree = "<group>";
		};
		F239D81129ED6B4700373A75 /* REST */ = {
			isa = PBXGroup;
			children = (
				F274FA6429EC06870068CA74 /* RESTWebRepository.swift */,
				F274FA5229EBD0560068CA74 /* RequestBuilding.swift */,
				F274FA5C29EBDEA40068CA74 /* RESTEndpoint.swift */,
				F274FA5529EBD1A90068CA74 /* HTTPTypes.swift */,
			);
			path = REST;
			sourceTree = "<group>";
		};
		F239D81229ED6B6700373A75 /* GraphQl */ = {
			isa = PBXGroup;
			children = (
				F274FA5F29EBEAD90068CA74 /* GraphQLWebRepo.swift */,
			);
			path = GraphQl;
			sourceTree = "<group>";
		};
		F239D82029EED93800373A75 /* Data Providers */ = {
			isa = PBXGroup;
			children = (
				F239D81E29EED6C700373A75 /* StorageDataProvider.swift */,
				F239D81C29EED5C000373A75 /* NetworkDataProvider.swift */,
			);
			path = "Data Providers";
			sourceTree = "<group>";
		};
		F239D82129EED9FB00373A75 /* Repositories */ = {
			isa = PBXGroup;
			children = (
				F239D81329EDB04E00373A75 /* StorageRepository.swift */,
				F239D81029ED652200373A75 /* Storage Repositories */,
				F274FA6229EC06070068CA74 /* WebRepository.swift */,
				F274FA6129EC033B0068CA74 /* Web Repositories */,
			);
			path = Repositories;
			sourceTree = "<group>";
		};
		F239D82729EF33C000373A75 /* DataProviding */ = {
			isa = PBXGroup;
			children = (
				F239D82A29EF352400373A75 /* Models */,
				F274FA3F29EBB9450068CA74 /* DataProviders & EndPoints */,
				F239D82E29EF563500373A75 /* API models */,
			);
			path = DataProviding;
			sourceTree = "<group>";
		};
		F239D82A29EF352400373A75 /* Models */ = {
			isa = PBXGroup;
			children = (
				F239D82829EF348300373A75 /* MainCategories.swift */,
			);
			path = Models;
			sourceTree = "<group>";
		};
		F239D82B29EF368E00373A75 /* Main categories */ = {
			isa = PBXGroup;
			children = (
				F274FA4A29EBC9D60068CA74 /* LocalRadioDataProvider.swift */,
				F274FA4C29EBC9EA0068CA74 /* MusicDataProvider.swift */,
				F274FA4E29EBC9FA0068CA74 /* TalkDataProvider.swift */,
			);
			path = "Main categories";
			sourceTree = "<group>";
		};
		F239D82E29EF563500373A75 /* API models */ = {
			isa = PBXGroup;
			children = (
				F239D82C29EF562500373A75 /* APIModelsCommon.swift */,
			);
			path = "API models";
			sourceTree = "<group>";
		};
		F274996229EB1DF8005B241B = {
			isa = PBXGroup;
			children = (
				F274996D29EB1DF8005B241B /* Radio */,
				F274997F29EB1DF9005B241B /* RadioTests */,
				F274998929EB1DF9005B241B /* RadioUITests */,
				F274996C29EB1DF8005B241B /* Products */,
			);
			sourceTree = "<group>";
		};
		F274996C29EB1DF8005B241B /* Products */ = {
			isa = PBXGroup;
			children = (
				F274996B29EB1DF8005B241B /* Radio.app */,
				F274997C29EB1DF9005B241B /* RadioTests.xctest */,
				F274998629EB1DF9005B241B /* RadioUITests.xctest */,
			);
			name = Products;
			sourceTree = "<group>";
		};
		F274996D29EB1DF8005B241B /* Radio */ = {
			isa = PBXGroup;
			children = (
				F274996E29EB1DF8005B241B /* RadioApp.swift */,
				F274FA0429EBB1C30068CA74 /* Global */,
				F274FA3929EBB5A20068CA74 /*   ---------    UI Part    ---------.txt */,
				F274FA0929EBB23F0068CA74 /* Screens */,
				F274FA3B29EBB69F0068CA74 /* UI Components (subviews) */,
				F274FA3C29EBB8910068CA74 /* UI Support */,
				F274FA4129EBBB1F0068CA74 /*    -------   UI Part End   -------.txt */,
				F239D82729EF33C000373A75 /* DataProviding */,
				F274FA5A29EBD9980068CA74 /* Services integration */,
				F274FA5729EBD7B70068CA74 /*   -----  App independent  -----.txt */,
				F274FA4029EBB9B40068CA74 /* Services (Modules) */,
				F274FA0129EBB0D60068CA74 /* Resources */,
				F274997529EB1DF9005B241B /* Preview Content */,
			);
			path = Radio;
			sourceTree = "<group>";
		};
		F274997529EB1DF9005B241B /* Preview Content */ = {
			isa = PBXGroup;
			children = (
				F274997629EB1DF9005B241B /* Preview Assets.xcassets */,
			);
			path = "Preview Content";
			sourceTree = "<group>";
		};
		F274997F29EB1DF9005B241B /* RadioTests */ = {
			isa = PBXGroup;
			children = (
				F274998029EB1DF9005B241B /* RadioTests.swift */,
			);
			path = RadioTests;
			sourceTree = "<group>";
		};
		F274998929EB1DF9005B241B /* RadioUITests */ = {
			isa = PBXGroup;
			children = (
				F274998A29EB1DF9005B241B /* RadioUITests.swift */,
				F274998C29EB1DF9005B241B /* RadioUITestsLaunchTests.swift */,
			);
			path = RadioUITests;
			sourceTree = "<group>";
		};
		F274FA0129EBB0D60068CA74 /* Resources */ = {
			isa = PBXGroup;
			children = (
				F274FA3D29EBB9200068CA74 /* Resources.swift */,
				F274997229EB1DF9005B241B /* Assets.xcassets */,
				F274FA4329EBBC070068CA74 /* Info.plist */,
				F274FA4529EBBCCD0068CA74 /* Radio.entitlements */,
			);
			path = Resources;
			sourceTree = "<group>";
		};
		F274FA0429EBB1C30068CA74 /* Global */ = {
			isa = PBXGroup;
			children = (
				F274FA0229EBB1AF0068CA74 /* AppState.swift */,
				F274FA0529EBB1EB0068CA74 /* DIContainer.swift */,
			);
			path = Global;
			sourceTree = "<group>";
		};
		F274FA0929EBB23F0068CA74 /* Screens */ = {
			isa = PBXGroup;
			children = (
				F274FA1629EBB3E10068CA74 /* Splash */,
				F274FA0E29EBB2EC0068CA74 /* Home */,
				F274FA1329EBB3A90068CA74 /* LocalRadio */,
				F274FA1B29EBB41D0068CA74 /* Music */,
				F274FA3429EBB5130068CA74 /* Talk */,
				F274FA3329EBB5060068CA74 /* Sports */,
				F274FA3229EBB4FC0068CA74 /* ByLocation */,
				F274FA3129EBB4E50068CA74 /* ByLanguage */,
				F274FA3029EBB4CA0068CA74 /* Podcasts */,
			);
			path = Screens;
			sourceTree = "<group>";
		};
		F274FA0E29EBB2EC0068CA74 /* Home */ = {
			isa = PBXGroup;
			children = (
				F274FA0A29EBB2D90068CA74 /* HomeView.swift */,
				F274FA0C29EBB2E20068CA74 /* HomeViewModel.swift */,
			);
			path = Home;
			sourceTree = "<group>";
		};
		F274FA1329EBB3A90068CA74 /* LocalRadio */ = {
			isa = PBXGroup;
			children = (
				F274FA0F29EBB37E0068CA74 /* LocalRadioView.swift */,
				F274FA1129EBB3850068CA74 /* LocalRadioViewModel.swift */,
			);
			path = LocalRadio;
			sourceTree = "<group>";
		};
		F274FA1629EBB3E10068CA74 /* Splash */ = {
			isa = PBXGroup;
			children = (
				F274FA0729EBB21B0068CA74 /* SplashView.swift */,
				F274FA1429EBB3D90068CA74 /* SplashViewModel.swift */,
			);
			path = Splash;
			sourceTree = "<group>";
		};
		F274FA1B29EBB41D0068CA74 /* Music */ = {
			isa = PBXGroup;
			children = (
				F274FA1729EBB4110068CA74 /* MusicView.swift */,
				F274FA1929EBB4180068CA74 /* MusicViewModel.swift */,
			);
			path = Music;
			sourceTree = "<group>";
		};
		F274FA3029EBB4CA0068CA74 /* Podcasts */ = {
			isa = PBXGroup;
			children = (
				F274FA2C29EBB4BC0068CA74 /* PodcastsView.swift */,
				F274FA2E29EBB4C30068CA74 /* PodcastsViewModel.swift */,
			);
			path = Podcasts;
			sourceTree = "<group>";
		};
		F274FA3129EBB4E50068CA74 /* ByLanguage */ = {
			isa = PBXGroup;
			children = (
				F274FA2829EBB4A70068CA74 /* ByLanguageView.swift */,
				F274FA2A29EBB4B00068CA74 /* ByLanguageViewModel.swift */,
			);
			path = ByLanguage;
			sourceTree = "<group>";
		};
		F274FA3229EBB4FC0068CA74 /* ByLocation */ = {
			isa = PBXGroup;
			children = (
				F274FA2429EBB48F0068CA74 /* ByLocationView.swift */,
				F274FA2629EBB4970068CA74 /* ByLocationViewModel.swift */,
			);
			path = ByLocation;
			sourceTree = "<group>";
		};
		F274FA3329EBB5060068CA74 /* Sports */ = {
			isa = PBXGroup;
			children = (
				F274FA2029EBB4790068CA74 /* SportsView.swift */,
				F274FA2229EBB47F0068CA74 /* SportsViewModel.swift */,
			);
			path = Sports;
			sourceTree = "<group>";
		};
		F274FA3429EBB5130068CA74 /* Talk */ = {
			isa = PBXGroup;
			children = (
				F274FA3529EBB54E0068CA74 /* TalkView.swift */,
				F274FA3629EBB54E0068CA74 /* TalkViewModel.swift */,
			);
			path = Talk;
			sourceTree = "<group>";
		};
		F274FA3B29EBB69F0068CA74 /* UI Components (subviews) */ = {
			isa = PBXGroup;
			children = (
			);
			path = "UI Components (subviews)";
			sourceTree = "<group>";
		};
		F274FA3C29EBB8910068CA74 /* UI Support */ = {
			isa = PBXGroup;
			children = (
			);
			path = "UI Support";
			sourceTree = "<group>";
		};
		F274FA3F29EBB9450068CA74 /* DataProviders & EndPoints */ = {
			isa = PBXGroup;
			children = (
				F274FA4829EBC9C00068CA74 /* MainCategoriesDP.swift */,
				F239D81A29EDFD7E00373A75 /* MainCategoriesEndPoint.swift */,
				F239D82B29EF368E00373A75 /* Main categories */,
			);
			path = "DataProviders & EndPoints";
			sourceTree = "<group>";
		};
		F274FA4029EBB9B40068CA74 /* Services (Modules) */ = {
			isa = PBXGroup;
			children = (
				F274FA4629EBC39B0068CA74 /* DataProvidingSupport.swift */,
				F239D82029EED93800373A75 /* Data Providers */,
				F239D82229EEDA2200373A75 /* RepositoryCommonTypes.swift */,
				F239D82129EED9FB00373A75 /* Repositories */,
			);
			path = "Services (Modules)";
			sourceTree = "<group>";
		};
		F274FA5A29EBD9980068CA74 /* Services integration */ = {
			isa = PBXGroup;
			children = (
				F274FA5829EBD98F0068CA74 /* RESTEndpoint+integration.swift */,
				F239D81829EDDD0300373A75 /* LocalJSONRepo+integration.swift */,
			);
			path = "Services integration";
			sourceTree = "<group>";
		};
		F274FA6129EC033B0068CA74 /* Web Repositories */ = {
			isa = PBXGroup;
			children = (
				F239D81129ED6B4700373A75 /* REST */,
				F239D81229ED6B6700373A75 /* GraphQl */,
			);
			path = "Web Repositories";
			sourceTree = "<group>";
		};
/* End PBXGroup section */

/* Begin PBXNativeTarget section */
		F274996A29EB1DF8005B241B /* Radio */ = {
			isa = PBXNativeTarget;
			buildConfigurationList = F274999029EB1DF9005B241B /* Build configuration list for PBXNativeTarget "Radio" */;
			buildPhases = (
				F274996729EB1DF8005B241B /* Sources */,
				F274996829EB1DF8005B241B /* Frameworks */,
				F274996929EB1DF8005B241B /* Resources */,
			);
			buildRules = (
			);
			dependencies = (
			);
			name = Radio;
			productName = Radio;
			productReference = F274996B29EB1DF8005B241B /* Radio.app */;
			productType = "com.apple.product-type.application";
		};
		F274997B29EB1DF9005B241B /* RadioTests */ = {
			isa = PBXNativeTarget;
			buildConfigurationList = F274999329EB1DF9005B241B /* Build configuration list for PBXNativeTarget "RadioTests" */;
			buildPhases = (
				F274997829EB1DF9005B241B /* Sources */,
				F274997929EB1DF9005B241B /* Frameworks */,
				F274997A29EB1DF9005B241B /* Resources */,
			);
			buildRules = (
			);
			dependencies = (
				F274997E29EB1DF9005B241B /* PBXTargetDependency */,
			);
			name = RadioTests;
			productName = RadioTests;
			productReference = F274997C29EB1DF9005B241B /* RadioTests.xctest */;
			productType = "com.apple.product-type.bundle.unit-test";
		};
		F274998529EB1DF9005B241B /* RadioUITests */ = {
			isa = PBXNativeTarget;
			buildConfigurationList = F274999629EB1DF9005B241B /* Build configuration list for PBXNativeTarget "RadioUITests" */;
			buildPhases = (
				F274998229EB1DF9005B241B /* Sources */,
				F274998329EB1DF9005B241B /* Frameworks */,
				F274998429EB1DF9005B241B /* Resources */,
			);
			buildRules = (
			);
			dependencies = (
				F274998829EB1DF9005B241B /* PBXTargetDependency */,
			);
			name = RadioUITests;
			productName = RadioUITests;
			productReference = F274998629EB1DF9005B241B /* RadioUITests.xctest */;
			productType = "com.apple.product-type.bundle.ui-testing";
		};
/* End PBXNativeTarget section */

/* Begin PBXProject section */
		F274996329EB1DF8005B241B /* Project object */ = {
			isa = PBXProject;
			attributes = {
				BuildIndependentTargetsInParallel = 1;
				LastSwiftUpdateCheck = 1420;
				LastUpgradeCheck = 1420;
				TargetAttributes = {
					F274996A29EB1DF8005B241B = {
						CreatedOnToolsVersion = 14.2;
					};
					F274997B29EB1DF9005B241B = {
						CreatedOnToolsVersion = 14.2;
						TestTargetID = F274996A29EB1DF8005B241B;
					};
					F274998529EB1DF9005B241B = {
						CreatedOnToolsVersion = 14.2;
						TestTargetID = F274996A29EB1DF8005B241B;
					};
				};
			};
			buildConfigurationList = F274996629EB1DF8005B241B /* Build configuration list for PBXProject "Radio" */;
			compatibilityVersion = "Xcode 14.0";
			developmentRegion = en;
			hasScannedForEncodings = 0;
			knownRegions = (
				en,
				Base,
			);
			mainGroup = F274996229EB1DF8005B241B;
			productRefGroup = F274996C29EB1DF8005B241B /* Products */;
			projectDirPath = "";
			projectRoot = "";
			targets = (
				F274996A29EB1DF8005B241B /* Radio */,
				F274997B29EB1DF9005B241B /* RadioTests */,
				F274998529EB1DF9005B241B /* RadioUITests */,
			);
		};
/* End PBXProject section */

/* Begin PBXResourcesBuildPhase section */
		F274996929EB1DF8005B241B /* Resources */ = {
			isa = PBXResourcesBuildPhase;
			buildActionMask = 2147483647;
			files = (
				F274997729EB1DF9005B241B /* Preview Assets.xcassets in Resources */,
				F274997329EB1DF9005B241B /* Assets.xcassets in Resources */,
			);
			runOnlyForDeploymentPostprocessing = 0;
		};
		F274997A29EB1DF9005B241B /* Resources */ = {
			isa = PBXResourcesBuildPhase;
			buildActionMask = 2147483647;
			files = (
			);
			runOnlyForDeploymentPostprocessing = 0;
		};
		F274998429EB1DF9005B241B /* Resources */ = {
			isa = PBXResourcesBuildPhase;
			buildActionMask = 2147483647;
			files = (
			);
			runOnlyForDeploymentPostprocessing = 0;
		};
/* End PBXResourcesBuildPhase section */

/* Begin PBXSourcesBuildPhase section */
		F274996729EB1DF8005B241B /* Sources */ = {
			isa = PBXSourcesBuildPhase;
			buildActionMask = 2147483647;
			files = (
				F274FA0329EBB1AF0068CA74 /* AppState.swift in Sources */,
				F274FA2729EBB4970068CA74 /* ByLocationViewModel.swift in Sources */,
				F274FA2129EBB4790068CA74 /* SportsView.swift in Sources */,
				F239D83429EF6D6800373A75 /* InMemoryRepository.swift in Sources */,
				F274FA2F29EBB4C30068CA74 /* PodcastsViewModel.swift in Sources */,
				F274FA0D29EBB2E20068CA74 /* HomeViewModel.swift in Sources */,
				F274FA1829EBB4110068CA74 /* MusicView.swift in Sources */,
				F274FA4729EBC39B0068CA74 /* DataProvidingSupport.swift in Sources */,
				F239D81D29EED5C000373A75 /* NetworkDataProvider.swift in Sources */,
				F274FA2D29EBB4BC0068CA74 /* PodcastsView.swift in Sources */,
				F239D83029EF6D0200373A75 /* KeychaineRepository.swift in Sources */,
				F239D83229EF6D4300373A75 /* CoreDataRepository.swift in Sources */,
				F239D81B29EDFD7E00373A75 /* MainCategoriesEndPoint.swift in Sources */,
				F274FA1229EBB3850068CA74 /* LocalRadioViewModel.swift in Sources */,
				F274FA3729EBB54E0068CA74 /* TalkView.swift in Sources */,
				F274FA5D29EBDEA40068CA74 /* RESTEndpoint.swift in Sources */,
				F239D81929EDDD0300373A75 /* LocalJSONRepo+integration.swift in Sources */,
				F274FA4D29EBC9EA0068CA74 /* MusicDataProvider.swift in Sources */,
				F274FA4929EBC9C00068CA74 /* MainCategoriesDP.swift in Sources */,
				F274FA6029EBEAD90068CA74 /* GraphQLWebRepo.swift in Sources */,
				F274FA1529EBB3D90068CA74 /* SplashViewModel.swift in Sources */,
				F274FA5929EBD98F0068CA74 /* RESTEndpoint+integration.swift in Sources */,
				F274FA2929EBB4A70068CA74 /* ByLanguageView.swift in Sources */,
				F239D80F29ED5FBB00373A75 /* LocalJSONRepository.swift in Sources */,
				F274FA0629EBB1EB0068CA74 /* DIContainer.swift in Sources */,
				F239D82929EF348300373A75 /* MainCategories.swift in Sources */,
				F274FA0829EBB21B0068CA74 /* SplashView.swift in Sources */,
				F274FA0B29EBB2D90068CA74 /* HomeView.swift in Sources */,
				F239D82329EEDA2200373A75 /* RepositoryCommonTypes.swift in Sources */,
				F274FA2B29EBB4B00068CA74 /* ByLanguageViewModel.swift in Sources */,
				F274FA4B29EBC9D60068CA74 /* LocalRadioDataProvider.swift in Sources */,
				F274FA6529EC06870068CA74 /* RESTWebRepository.swift in Sources */,
				F274FA2329EBB47F0068CA74 /* SportsViewModel.swift in Sources */,
				F274FA6329EC06070068CA74 /* WebRepository.swift in Sources */,
				F274FA1029EBB37E0068CA74 /* LocalRadioView.swift in Sources */,
				F239D81F29EED6C700373A75 /* StorageDataProvider.swift in Sources */,
				F239D81429EDB04E00373A75 /* StorageRepository.swift in Sources */,
				F274FA1A29EBB4180068CA74 /* MusicViewModel.swift in Sources */,
				F274FA2529EBB48F0068CA74 /* ByLocationView.swift in Sources */,
				F274FA4F29EBC9FA0068CA74 /* TalkDataProvider.swift in Sources */,
				F274FA3E29EBB9200068CA74 /* Resources.swift in Sources */,
				F274FA5629EBD1A90068CA74 /* HTTPTypes.swift in Sources */,
				F274996F29EB1DF8005B241B /* RadioApp.swift in Sources */,
				F274FA5329EBD0560068CA74 /* RequestBuilding.swift in Sources */,
				F274FA3829EBB54E0068CA74 /* TalkViewModel.swift in Sources */,
				F239D82D29EF562500373A75 /* APIModelsCommon.swift in Sources */,
			);
			runOnlyForDeploymentPostprocessing = 0;
		};
		F274997829EB1DF9005B241B /* Sources */ = {
			isa = PBXSourcesBuildPhase;
			buildActionMask = 2147483647;
			files = (
				F274998129EB1DF9005B241B /* RadioTests.swift in Sources */,
			);
			runOnlyForDeploymentPostprocessing = 0;
		};
		F274998229EB1DF9005B241B /* Sources */ = {
			isa = PBXSourcesBuildPhase;
			buildActionMask = 2147483647;
			files = (
				F274998D29EB1DF9005B241B /* RadioUITestsLaunchTests.swift in Sources */,
				F274998B29EB1DF9005B241B /* RadioUITests.swift in Sources */,
			);
			runOnlyForDeploymentPostprocessing = 0;
		};
/* End PBXSourcesBuildPhase section */

/* Begin PBXTargetDependency section */
		F274997E29EB1DF9005B241B /* PBXTargetDependency */ = {
			isa = PBXTargetDependency;
			target = F274996A29EB1DF8005B241B /* Radio */;
			targetProxy = F274997D29EB1DF9005B241B /* PBXContainerItemProxy */;
		};
		F274998829EB1DF9005B241B /* PBXTargetDependency */ = {
			isa = PBXTargetDependency;
			target = F274996A29EB1DF8005B241B /* Radio */;
			targetProxy = F274998729EB1DF9005B241B /* PBXContainerItemProxy */;
		};
/* End PBXTargetDependency section */

/* Begin XCBuildConfiguration section */
		F274998E29EB1DF9005B241B /* Debug */ = {
			isa = XCBuildConfiguration;
			buildSettings = {
				ALWAYS_SEARCH_USER_PATHS = NO;
				CLANG_ANALYZER_NONNULL = YES;
				CLANG_ANALYZER_NUMBER_OBJECT_CONVERSION = YES_AGGRESSIVE;
				CLANG_CXX_LANGUAGE_STANDARD = "gnu++20";
				CLANG_ENABLE_MODULES = YES;
				CLANG_ENABLE_OBJC_ARC = YES;
				CLANG_ENABLE_OBJC_WEAK = YES;
				CLANG_WARN_BLOCK_CAPTURE_AUTORELEASING = YES;
				CLANG_WARN_BOOL_CONVERSION = YES;
				CLANG_WARN_COMMA = YES;
				CLANG_WARN_CONSTANT_CONVERSION = YES;
				CLANG_WARN_DEPRECATED_OBJC_IMPLEMENTATIONS = YES;
				CLANG_WARN_DIRECT_OBJC_ISA_USAGE = YES_ERROR;
				CLANG_WARN_DOCUMENTATION_COMMENTS = YES;
				CLANG_WARN_EMPTY_BODY = YES;
				CLANG_WARN_ENUM_CONVERSION = YES;
				CLANG_WARN_INFINITE_RECURSION = YES;
				CLANG_WARN_INT_CONVERSION = YES;
				CLANG_WARN_NON_LITERAL_NULL_CONVERSION = YES;
				CLANG_WARN_OBJC_IMPLICIT_RETAIN_SELF = YES;
				CLANG_WARN_OBJC_LITERAL_CONVERSION = YES;
				CLANG_WARN_OBJC_ROOT_CLASS = YES_ERROR;
				CLANG_WARN_QUOTED_INCLUDE_IN_FRAMEWORK_HEADER = YES;
				CLANG_WARN_RANGE_LOOP_ANALYSIS = YES;
				CLANG_WARN_STRICT_PROTOTYPES = YES;
				CLANG_WARN_SUSPICIOUS_MOVE = YES;
				CLANG_WARN_UNGUARDED_AVAILABILITY = YES_AGGRESSIVE;
				CLANG_WARN_UNREACHABLE_CODE = YES;
				CLANG_WARN__DUPLICATE_METHOD_MATCH = YES;
				COPY_PHASE_STRIP = NO;
				DEBUG_INFORMATION_FORMAT = dwarf;
				ENABLE_STRICT_OBJC_MSGSEND = YES;
				ENABLE_TESTABILITY = YES;
				GCC_C_LANGUAGE_STANDARD = gnu11;
				GCC_DYNAMIC_NO_PIC = NO;
				GCC_NO_COMMON_BLOCKS = YES;
				GCC_OPTIMIZATION_LEVEL = 0;
				GCC_PREPROCESSOR_DEFINITIONS = (
					"DEBUG=1",
					"$(inherited)",
				);
				GCC_WARN_64_TO_32_BIT_CONVERSION = YES;
				GCC_WARN_ABOUT_RETURN_TYPE = YES_ERROR;
				GCC_WARN_UNDECLARED_SELECTOR = YES;
				GCC_WARN_UNINITIALIZED_AUTOS = YES_AGGRESSIVE;
				GCC_WARN_UNUSED_FUNCTION = YES;
				GCC_WARN_UNUSED_VARIABLE = YES;
				MTL_ENABLE_DEBUG_INFO = INCLUDE_SOURCE;
				MTL_FAST_MATH = YES;
				ONLY_ACTIVE_ARCH = YES;
				SWIFT_ACTIVE_COMPILATION_CONDITIONS = DEBUG;
				SWIFT_OPTIMIZATION_LEVEL = "-Onone";
			};
			name = Debug;
		};
		F274998F29EB1DF9005B241B /* Release */ = {
			isa = XCBuildConfiguration;
			buildSettings = {
				ALWAYS_SEARCH_USER_PATHS = NO;
				CLANG_ANALYZER_NONNULL = YES;
				CLANG_ANALYZER_NUMBER_OBJECT_CONVERSION = YES_AGGRESSIVE;
				CLANG_CXX_LANGUAGE_STANDARD = "gnu++20";
				CLANG_ENABLE_MODULES = YES;
				CLANG_ENABLE_OBJC_ARC = YES;
				CLANG_ENABLE_OBJC_WEAK = YES;
				CLANG_WARN_BLOCK_CAPTURE_AUTORELEASING = YES;
				CLANG_WARN_BOOL_CONVERSION = YES;
				CLANG_WARN_COMMA = YES;
				CLANG_WARN_CONSTANT_CONVERSION = YES;
				CLANG_WARN_DEPRECATED_OBJC_IMPLEMENTATIONS = YES;
				CLANG_WARN_DIRECT_OBJC_ISA_USAGE = YES_ERROR;
				CLANG_WARN_DOCUMENTATION_COMMENTS = YES;
				CLANG_WARN_EMPTY_BODY = YES;
				CLANG_WARN_ENUM_CONVERSION = YES;
				CLANG_WARN_INFINITE_RECURSION = YES;
				CLANG_WARN_INT_CONVERSION = YES;
				CLANG_WARN_NON_LITERAL_NULL_CONVERSION = YES;
				CLANG_WARN_OBJC_IMPLICIT_RETAIN_SELF = YES;
				CLANG_WARN_OBJC_LITERAL_CONVERSION = YES;
				CLANG_WARN_OBJC_ROOT_CLASS = YES_ERROR;
				CLANG_WARN_QUOTED_INCLUDE_IN_FRAMEWORK_HEADER = YES;
				CLANG_WARN_RANGE_LOOP_ANALYSIS = YES;
				CLANG_WARN_STRICT_PROTOTYPES = YES;
				CLANG_WARN_SUSPICIOUS_MOVE = YES;
				CLANG_WARN_UNGUARDED_AVAILABILITY = YES_AGGRESSIVE;
				CLANG_WARN_UNREACHABLE_CODE = YES;
				CLANG_WARN__DUPLICATE_METHOD_MATCH = YES;
				COPY_PHASE_STRIP = NO;
				DEBUG_INFORMATION_FORMAT = "dwarf-with-dsym";
				ENABLE_NS_ASSERTIONS = NO;
				ENABLE_STRICT_OBJC_MSGSEND = YES;
				GCC_C_LANGUAGE_STANDARD = gnu11;
				GCC_NO_COMMON_BLOCKS = YES;
				GCC_WARN_64_TO_32_BIT_CONVERSION = YES;
				GCC_WARN_ABOUT_RETURN_TYPE = YES_ERROR;
				GCC_WARN_UNDECLARED_SELECTOR = YES;
				GCC_WARN_UNINITIALIZED_AUTOS = YES_AGGRESSIVE;
				GCC_WARN_UNUSED_FUNCTION = YES;
				GCC_WARN_UNUSED_VARIABLE = YES;
				MTL_ENABLE_DEBUG_INFO = NO;
				MTL_FAST_MATH = YES;
				SWIFT_COMPILATION_MODE = wholemodule;
				SWIFT_OPTIMIZATION_LEVEL = "-O";
			};
			name = Release;
		};
		F274999129EB1DF9005B241B /* Debug */ = {
			isa = XCBuildConfiguration;
			buildSettings = {
				ASSETCATALOG_COMPILER_APPICON_NAME = AppIcon;
				ASSETCATALOG_COMPILER_GLOBAL_ACCENT_COLOR_NAME = AccentColor;
				CODE_SIGN_ENTITLEMENTS = Radio/Radio.entitlements;
				CODE_SIGN_STYLE = Automatic;
				CURRENT_PROJECT_VERSION = 1;
				DEVELOPMENT_ASSET_PATHS = "\"Radio/Preview Content\"";
				DEVELOPMENT_TEAM = H7VS5KCU8A;
				ENABLE_HARDENED_RUNTIME = YES;
				ENABLE_PREVIEWS = YES;
				GENERATE_INFOPLIST_FILE = YES;
				INFOPLIST_FILE = Radio/Info.plist;
				"INFOPLIST_KEY_UIApplicationSceneManifest_Generation[sdk=iphoneos*]" = YES;
				"INFOPLIST_KEY_UIApplicationSceneManifest_Generation[sdk=iphonesimulator*]" = YES;
				"INFOPLIST_KEY_UIApplicationSupportsIndirectInputEvents[sdk=iphoneos*]" = YES;
				"INFOPLIST_KEY_UIApplicationSupportsIndirectInputEvents[sdk=iphonesimulator*]" = YES;
				"INFOPLIST_KEY_UILaunchScreen_Generation[sdk=iphoneos*]" = YES;
				"INFOPLIST_KEY_UILaunchScreen_Generation[sdk=iphonesimulator*]" = YES;
				"INFOPLIST_KEY_UIStatusBarStyle[sdk=iphoneos*]" = UIStatusBarStyleDefault;
				"INFOPLIST_KEY_UIStatusBarStyle[sdk=iphonesimulator*]" = UIStatusBarStyleDefault;
				INFOPLIST_KEY_UISupportedInterfaceOrientations_iPad = "UIInterfaceOrientationPortrait UIInterfaceOrientationPortraitUpsideDown UIInterfaceOrientationLandscapeLeft UIInterfaceOrientationLandscapeRight";
				INFOPLIST_KEY_UISupportedInterfaceOrientations_iPhone = "UIInterfaceOrientationPortrait UIInterfaceOrientationLandscapeLeft UIInterfaceOrientationLandscapeRight";
				IPHONEOS_DEPLOYMENT_TARGET = 16.2;
				LD_RUNPATH_SEARCH_PATHS = "@executable_path/Frameworks";
				"LD_RUNPATH_SEARCH_PATHS[sdk=macosx*]" = "@executable_path/../Frameworks";
				MACOSX_DEPLOYMENT_TARGET = 13.1;
				MARKETING_VERSION = 1.0;
				PRODUCT_BUNDLE_IDENTIFIER = MyCompany.Radio;
				PRODUCT_NAME = "$(TARGET_NAME)";
				SDKROOT = auto;
				SUPPORTED_PLATFORMS = "iphoneos iphonesimulator macosx";
				SWIFT_EMIT_LOC_STRINGS = YES;
				SWIFT_VERSION = 5.0;
				TARGETED_DEVICE_FAMILY = "1,2";
			};
			name = Debug;
		};
		F274999229EB1DF9005B241B /* Release */ = {
			isa = XCBuildConfiguration;
			buildSettings = {
				ASSETCATALOG_COMPILER_APPICON_NAME = AppIcon;
				ASSETCATALOG_COMPILER_GLOBAL_ACCENT_COLOR_NAME = AccentColor;
				CODE_SIGN_ENTITLEMENTS = Radio/Radio.entitlements;
				CODE_SIGN_STYLE = Automatic;
				CURRENT_PROJECT_VERSION = 1;
				DEVELOPMENT_ASSET_PATHS = "\"Radio/Preview Content\"";
				DEVELOPMENT_TEAM = H7VS5KCU8A;
				ENABLE_HARDENED_RUNTIME = YES;
				ENABLE_PREVIEWS = YES;
				GENERATE_INFOPLIST_FILE = YES;
				INFOPLIST_FILE = Radio/Info.plist;
				"INFOPLIST_KEY_UIApplicationSceneManifest_Generation[sdk=iphoneos*]" = YES;
				"INFOPLIST_KEY_UIApplicationSceneManifest_Generation[sdk=iphonesimulator*]" = YES;
				"INFOPLIST_KEY_UIApplicationSupportsIndirectInputEvents[sdk=iphoneos*]" = YES;
				"INFOPLIST_KEY_UIApplicationSupportsIndirectInputEvents[sdk=iphonesimulator*]" = YES;
				"INFOPLIST_KEY_UILaunchScreen_Generation[sdk=iphoneos*]" = YES;
				"INFOPLIST_KEY_UILaunchScreen_Generation[sdk=iphonesimulator*]" = YES;
				"INFOPLIST_KEY_UIStatusBarStyle[sdk=iphoneos*]" = UIStatusBarStyleDefault;
				"INFOPLIST_KEY_UIStatusBarStyle[sdk=iphonesimulator*]" = UIStatusBarStyleDefault;
				INFOPLIST_KEY_UISupportedInterfaceOrientations_iPad = "UIInterfaceOrientationPortrait UIInterfaceOrientationPortraitUpsideDown UIInterfaceOrientationLandscapeLeft UIInterfaceOrientationLandscapeRight";
				INFOPLIST_KEY_UISupportedInterfaceOrientations_iPhone = "UIInterfaceOrientationPortrait UIInterfaceOrientationLandscapeLeft UIInterfaceOrientationLandscapeRight";
				IPHONEOS_DEPLOYMENT_TARGET = 16.2;
				LD_RUNPATH_SEARCH_PATHS = "@executable_path/Frameworks";
				"LD_RUNPATH_SEARCH_PATHS[sdk=macosx*]" = "@executable_path/../Frameworks";
				MACOSX_DEPLOYMENT_TARGET = 13.1;
				MARKETING_VERSION = 1.0;
				PRODUCT_BUNDLE_IDENTIFIER = MyCompany.Radio;
				PRODUCT_NAME = "$(TARGET_NAME)";
				SDKROOT = auto;
				SUPPORTED_PLATFORMS = "iphoneos iphonesimulator macosx";
				SWIFT_EMIT_LOC_STRINGS = YES;
				SWIFT_VERSION = 5.0;
				TARGETED_DEVICE_FAMILY = "1,2";
			};
			name = Release;
		};
		F274999429EB1DF9005B241B /* Debug */ = {
			isa = XCBuildConfiguration;
			buildSettings = {
				ALWAYS_EMBED_SWIFT_STANDARD_LIBRARIES = YES;
				BUNDLE_LOADER = "$(TEST_HOST)";
				CODE_SIGN_STYLE = Automatic;
				CURRENT_PROJECT_VERSION = 1;
				DEVELOPMENT_TEAM = H7VS5KCU8A;
				GENERATE_INFOPLIST_FILE = YES;
				IPHONEOS_DEPLOYMENT_TARGET = 16.2;
				MACOSX_DEPLOYMENT_TARGET = 13.1;
				MARKETING_VERSION = 1.0;
				PRODUCT_BUNDLE_IDENTIFIER = MyCompany.RadioTests;
				PRODUCT_NAME = "$(TARGET_NAME)";
				SDKROOT = auto;
				SUPPORTED_PLATFORMS = "iphoneos iphonesimulator macosx";
				SWIFT_EMIT_LOC_STRINGS = NO;
				SWIFT_VERSION = 5.0;
				TARGETED_DEVICE_FAMILY = "1,2";
				TEST_HOST = "$(BUILT_PRODUCTS_DIR)/Radio.app/$(BUNDLE_EXECUTABLE_FOLDER_PATH)/Radio";
			};
			name = Debug;
		};
		F274999529EB1DF9005B241B /* Release */ = {
			isa = XCBuildConfiguration;
			buildSettings = {
				ALWAYS_EMBED_SWIFT_STANDARD_LIBRARIES = YES;
				BUNDLE_LOADER = "$(TEST_HOST)";
				CODE_SIGN_STYLE = Automatic;
				CURRENT_PROJECT_VERSION = 1;
				DEVELOPMENT_TEAM = H7VS5KCU8A;
				GENERATE_INFOPLIST_FILE = YES;
				IPHONEOS_DEPLOYMENT_TARGET = 16.2;
				MACOSX_DEPLOYMENT_TARGET = 13.1;
				MARKETING_VERSION = 1.0;
				PRODUCT_BUNDLE_IDENTIFIER = MyCompany.RadioTests;
				PRODUCT_NAME = "$(TARGET_NAME)";
				SDKROOT = auto;
				SUPPORTED_PLATFORMS = "iphoneos iphonesimulator macosx";
				SWIFT_EMIT_LOC_STRINGS = NO;
				SWIFT_VERSION = 5.0;
				TARGETED_DEVICE_FAMILY = "1,2";
				TEST_HOST = "$(BUILT_PRODUCTS_DIR)/Radio.app/$(BUNDLE_EXECUTABLE_FOLDER_PATH)/Radio";
			};
			name = Release;
		};
		F274999729EB1DF9005B241B /* Debug */ = {
			isa = XCBuildConfiguration;
			buildSettings = {
				ALWAYS_EMBED_SWIFT_STANDARD_LIBRARIES = YES;
				CODE_SIGN_STYLE = Automatic;
				CURRENT_PROJECT_VERSION = 1;
				DEVELOPMENT_TEAM = H7VS5KCU8A;
				GENERATE_INFOPLIST_FILE = YES;
				IPHONEOS_DEPLOYMENT_TARGET = 16.2;
				MACOSX_DEPLOYMENT_TARGET = 13.1;
				MARKETING_VERSION = 1.0;
				PRODUCT_BUNDLE_IDENTIFIER = MyCompany.RadioUITests;
				PRODUCT_NAME = "$(TARGET_NAME)";
				SDKROOT = auto;
				SUPPORTED_PLATFORMS = "iphoneos iphonesimulator macosx";
				SWIFT_EMIT_LOC_STRINGS = NO;
				SWIFT_VERSION = 5.0;
				TARGETED_DEVICE_FAMILY = "1,2";
				TEST_TARGET_NAME = Radio;
			};
			name = Debug;
		};
		F274999829EB1DF9005B241B /* Release */ = {
			isa = XCBuildConfiguration;
			buildSettings = {
				ALWAYS_EMBED_SWIFT_STANDARD_LIBRARIES = YES;
				CODE_SIGN_STYLE = Automatic;
				CURRENT_PROJECT_VERSION = 1;
				DEVELOPMENT_TEAM = H7VS5KCU8A;
				GENERATE_INFOPLIST_FILE = YES;
				IPHONEOS_DEPLOYMENT_TARGET = 16.2;
				MACOSX_DEPLOYMENT_TARGET = 13.1;
				MARKETING_VERSION = 1.0;
				PRODUCT_BUNDLE_IDENTIFIER = MyCompany.RadioUITests;
				PRODUCT_NAME = "$(TARGET_NAME)";
				SDKROOT = auto;
				SUPPORTED_PLATFORMS = "iphoneos iphonesimulator macosx";
				SWIFT_EMIT_LOC_STRINGS = NO;
				SWIFT_VERSION = 5.0;
				TARGETED_DEVICE_FAMILY = "1,2";
				TEST_TARGET_NAME = Radio;
			};
			name = Release;
		};
/* End XCBuildConfiguration section */

/* Begin XCConfigurationList section */
		F274996629EB1DF8005B241B /* Build configuration list for PBXProject "Radio" */ = {
			isa = XCConfigurationList;
			buildConfigurations = (
				F274998E29EB1DF9005B241B /* Debug */,
				F274998F29EB1DF9005B241B /* Release */,
			);
			defaultConfigurationIsVisible = 0;
			defaultConfigurationName = Release;
		};
		F274999029EB1DF9005B241B /* Build configuration list for PBXNativeTarget "Radio" */ = {
			isa = XCConfigurationList;
			buildConfigurations = (
				F274999129EB1DF9005B241B /* Debug */,
				F274999229EB1DF9005B241B /* Release */,
			);
			defaultConfigurationIsVisible = 0;
			defaultConfigurationName = Release;
		};
		F274999329EB1DF9005B241B /* Build configuration list for PBXNativeTarget "RadioTests" */ = {
			isa = XCConfigurationList;
			buildConfigurations = (
				F274999429EB1DF9005B241B /* Debug */,
				F274999529EB1DF9005B241B /* Release */,
			);
			defaultConfigurationIsVisible = 0;
			defaultConfigurationName = Release;
		};
		F274999629EB1DF9005B241B /* Build configuration list for PBXNativeTarget "RadioUITests" */ = {
			isa = XCConfigurationList;
			buildConfigurations = (
				F274999729EB1DF9005B241B /* Debug */,
				F274999829EB1DF9005B241B /* Release */,
			);
			defaultConfigurationIsVisible = 0;
			defaultConfigurationName = Release;
		};
/* End XCConfigurationList section */
	};
	rootObject = F274996329EB1DF8005B241B /* Project object */;
}
